
Microsoft Visual Studio Solution File, Format Version 12.00
# Visual Studio Version 17
VisualStudioVersion = 17.0.31903.59
MinimumVisualStudioVersion = 10.0.40219.1
Project("{FAE04EC0-301F-11D3-BF4B-00C04F79EFBC}") = "ApiGateway", "ApiGateway\ApiGateway.csproj", "{FEE95869-9C70-4AA7-AAEF-DE7FEFBF949F}"
EndProject
Project("{2150E333-8FDC-42A3-9474-1A3956D46DE8}") = "src", "src", "{F7A76320-05F0-49CA-B88C-CC3BDE7CC4DB}"
EndProject
Project("{FAE04EC0-301F-11D3-BF4B-00C04F79EFBC}") = "RegisterApi", "src\RegisterApi\RegisterApi.csproj", "{F7C7D8D8-871E-4E38-99F7-B25D3FEC6061}"
EndProject
Project("{FAE04EC0-301F-11D3-BF4B-00C04F79EFBC}") = "ConferenceApi", "src\ConferenceApi\ConferenceApi.csproj", "{AC1687A3-BDD9-4676-B8A4-C91D26BFE20F}"
EndProject
Project("{FAE04EC0-301F-11D3-BF4B-00C04F79EFBC}") = "Payment.Api", "src\Payment.Api\Payment.Api.csproj", "{F1B91C4C-8004-4251-882D-8ABA17E3768D}"
EndProject
Global
	GlobalSection(SolutionConfigurationPlatforms) = preSolution
		Debug|Any CPU = Debug|Any CPU
		Release|Any CPU = Release|Any CPU
	EndGlobalSection
	GlobalSection(SolutionProperties) = preSolution
		HideSolutionNode = FALSE
	EndGlobalSection
	GlobalSection(ProjectConfigurationPlatforms) = postSolution
		{FEE95869-9C70-4AA7-AAEF-DE7FEFBF949F}.Debug|Any CPU.ActiveCfg = Debug|Any CPU
		{FEE95869-9C70-4AA7-AAEF-DE7FEFBF949F}.Debug|Any CPU.Build.0 = Debug|Any CPU
		{FEE95869-9C70-4AA7-AAEF-DE7FEFBF949F}.Release|Any CPU.ActiveCfg = Release|Any CPU
		{FEE95869-9C70-4AA7-AAEF-DE7FEFBF949F}.Release|Any CPU.Build.0 = Release|Any CPU
		{F7C7D8D8-871E-4E38-99F7-B25D3FEC6061}.Debug|Any CPU.ActiveCfg = Debug|Any CPU
		{F7C7D8D8-871E-4E38-99F7-B25D3FEC6061}.Debug|Any CPU.Build.0 = Debug|Any CPU
		{F7C7D8D8-871E-4E38-99F7-B25D3FEC6061}.Release|Any CPU.ActiveCfg = Release|Any CPU
		{F7C7D8D8-871E-4E38-99F7-B25D3FEC6061}.Release|Any CPU.Build.0 = Release|Any CPU
		{AC1687A3-BDD9-4676-B8A4-C91D26BFE20F}.Debug|Any CPU.ActiveCfg = Debug|Any CPU
		{AC1687A3-BDD9-4676-B8A4-C91D26BFE20F}.Debug|Any CPU.Build.0 = Debug|Any CPU
		{AC1687A3-BDD9-4676-B8A4-C91D26BFE20F}.Release|Any CPU.ActiveCfg = Release|Any CPU
		{AC1687A3-BDD9-4676-B8A4-C91D26BFE20F}.Release|Any CPU.Build.0 = Release|Any CPU
		{F1B91C4C-8004-4251-882D-8ABA17E3768D}.Debug|Any CPU.ActiveCfg = Debug|Any CPU
		{F1B91C4C-8004-4251-882D-8ABA17E3768D}.Debug|Any CPU.Build.0 = Debug|Any CPU
		{F1B91C4C-8004-4251-882D-8ABA17E3768D}.Release|Any CPU.ActiveCfg = Release|Any CPU
		{F1B91C4C-8004-4251-882D-8ABA17E3768D}.Release|Any CPU.Build.0 = Release|Any CPU
	EndGlobalSection
	GlobalSection(NestedProjects) = preSolution
		{F7C7D8D8-871E-4E38-99F7-B25D3FEC6061} = {F7A76320-05F0-49CA-B88C-CC3BDE7CC4DB}
		{AC1687A3-BDD9-4676-B8A4-C91D26BFE20F} = {F7A76320-05F0-49CA-B88C-CC3BDE7CC4DB}
		{F1B91C4C-8004-4251-882D-8ABA17E3768D} = {F7A76320-05F0-49CA-B88C-CC3BDE7CC4DB}
	EndGlobalSection
EndGlobal
